
Microsoft Visual Studio Solution File, Format Version 12.00
# Visual Studio Version 16
VisualStudioVersion = 16.0.28729.10
MinimumVisualStudioVersion = 10.0.40219.1
Project("{2150E333-8FDC-42A3-9474-1A3956D46DE8}") = "Solution Items", "Solution Items", "{773C41E8-1426-4BDE-AEEB-9EFDE432A231}"
	ProjectSection(SolutionItems) = preProject
		.editorconfig = .editorconfig
		handyman.snk = handyman.snk
	EndProjectSection
EndProject
Project("{9A19103F-16F7-4668-BE54-9A1E7A4F7556}") = "Handyman.AspNetCore", "src\Handyman.AspNetCore\src\Handyman.AspNetCore.csproj", "{06CE69D9-BF8F-4EDB-8959-671A81784110}"
EndProject
Project("{9A19103F-16F7-4668-BE54-9A1E7A4F7556}") = "Handyman.AspNetCore.Tests", "src\Handyman.AspNetCore\tests\Handyman.AspNetCore.Tests.csproj", "{0CD53EF5-25CE-478E-B666-7A5B9E4CC10C}"
EndProject
Project("{9A19103F-16F7-4668-BE54-9A1E7A4F7556}") = "Handyman.DataContractValidator", "src\Handyman.DataContractValidator\src\Handyman.DataContractValidator.csproj", "{C85909DC-1100-42BB-BB60-DFBCC7B024AA}"
EndProject
Project("{9A19103F-16F7-4668-BE54-9A1E7A4F7556}") = "Handyman.DataContractValidator.Tests", "src\Handyman.DataContractValidator\tests\Handyman.DataContractValidator.Tests.csproj", "{A28981A2-1564-49B6-BC24-D235AACD0343}"
EndProject
Project("{9A19103F-16F7-4668-BE54-9A1E7A4F7556}") = "Handyman.Dynamics", "src\Handyman.Dynamics\src\Handyman.Dynamics.csproj", "{24EEA3DA-FF9D-4F46-9C94-73EC1EDF31A6}"
EndProject
Project("{9A19103F-16F7-4668-BE54-9A1E7A4F7556}") = "Handyman.Dynamics.Tests", "src\Handyman.Dynamics\tests\Handyman.Dynamics.Tests.csproj", "{B2B4AE09-C7E4-43F6-958A-8C9B2F62B41B}"
EndProject
Project("{9A19103F-16F7-4668-BE54-9A1E7A4F7556}") = "Handyman.Extensions", "src\Handyman.Extensions\src\Handyman.Extensions.csproj", "{4B578D9A-3223-4305-A07F-B49FE50332B7}"
EndProject
Project("{9A19103F-16F7-4668-BE54-9A1E7A4F7556}") = "Handyman.Extensions.Tests", "src\Handyman.Extensions\tests\Handyman.Extensions.Tests.csproj", "{31EE9FE2-0071-40EE-871E-7CB176071DAB}"
EndProject
Project("{9A19103F-16F7-4668-BE54-9A1E7A4F7556}") = "Handyman.Mediator", "src\Handyman.Mediator\src\Handyman.Mediator.csproj", "{39FE1F64-F3CF-4437-BB18-B9D427F078EC}"
EndProject
Project("{9A19103F-16F7-4668-BE54-9A1E7A4F7556}") = "Handyman.Mediator.Tests", "src\Handyman.Mediator\tests\Handyman.Mediator.Tests.csproj", "{772938ED-A107-47EE-9C59-3E1585CC2559}"
EndProject
Project("{FAE04EC0-301F-11D3-BF4B-00C04F79EFBC}") = "Handyman.Wpf", "src\Handyman.Wpf\src\Handyman.Wpf.csproj", "{5EEF1FC9-0186-440B-AFDA-E09CEB3685F3}"
EndProject
Project("{FAE04EC0-301F-11D3-BF4B-00C04F79EFBC}") = "Handyman.Wpf.Tests", "src\Handyman.Wpf\tests\Handyman.Wpf.Tests.csproj", "{151DC113-C6C5-4641-9F81-C2A7C7AB6263}"
EndProject
Project("{9A19103F-16F7-4668-BE54-9A1E7A4F7556}") = "Handyman.Azure.Cosmos.Table", "src\Handyman.Azure.Cosmos.Table\src\Handyman.Azure.Cosmos.Table.csproj", "{076558AE-B38F-430C-AE76-92F53CD15A34}"
EndProject
Project("{9A19103F-16F7-4668-BE54-9A1E7A4F7556}") = "Handyman.Azure.Cosmos.Table.Tests", "src\Handyman.Azure.Cosmos.Table\tests\Handyman.Azure.Cosmos.Table.Tests.csproj", "{95186390-09E5-4D24-821C-197E8AF7C8FD}"
EndProject
Project("{9A19103F-16F7-4668-BE54-9A1E7A4F7556}") = "Handyman.Azure.Functions", "src\Handyman.Azure.Functions\src\Handyman.Azure.Functions.csproj", "{B02DF717-FEA6-4BFA-BBE1-1164CBBE1ABB}"
EndProject
Project("{9A19103F-16F7-4668-BE54-9A1E7A4F7556}") = "Handyman.DependencyInjection", "src\Handyman.DependencyInjection\src\Handyman.DependencyInjection.csproj", "{DA62608F-400B-4EDE-89D1-CD7E52C22331}"
EndProject
Project("{9A19103F-16F7-4668-BE54-9A1E7A4F7556}") = "Handyman.DependencyInjection.Tests", "src\Handyman.DependencyInjection\tests\Handyman.DependencyInjection.Tests.csproj", "{2B360757-6539-44EE-B563-F265CCFBDBBD}"
EndProject
Project("{9A19103F-16F7-4668-BE54-9A1E7A4F7556}") = "Handyman.Mediator.DependencyInjection", "src\Handyman.Mediator.DependencyInjection\src\Handyman.Mediator.DependencyInjection.csproj", "{5E2F4596-09D3-4154-8659-5C213FD5B9CC}"
EndProject
Project("{9A19103F-16F7-4668-BE54-9A1E7A4F7556}") = "Handyman.Mediator.DependencyInjection.Tests", "src\Handyman.Mediator.DependencyInjection\tests\Handyman.Mediator.DependencyInjection.Tests.csproj", "{6D0077B4-26C5-4BE3-9F5B-98885E085A02}"
EndProject
Project("{9A19103F-16F7-4668-BE54-9A1E7A4F7556}") = "Handyman.Tools.Ado", "src\Handyman.Tools.Ado\src\Handyman.Tools.Ado.csproj", "{AB09BF42-0C9A-4685-9C19-62217853885A}"
EndProject
Project("{9A19103F-16F7-4668-BE54-9A1E7A4F7556}") = "Handyman.Tools.Outdated", "src\Handyman.Tools.Outdated\src\Handyman.Tools.Outdated.csproj", "{EAE2DEA1-6405-4755-AE94-09823AC9FD9A}"
EndProject
Project("{9A19103F-16F7-4668-BE54-9A1E7A4F7556}") = "Handyman.Tools.Outdated.Tests", "src\Handyman.Tools.Outdated\tests\Handyman.Tools.Outdated.Tests.csproj", "{9084F391-FCED-4C6E-B0C5-59C4B8DBF8F3}"
EndProject
Global
	GlobalSection(SolutionConfigurationPlatforms) = preSolution
		Debug|Any CPU = Debug|Any CPU
		Release|Any CPU = Release|Any CPU
	EndGlobalSection
	GlobalSection(ProjectConfigurationPlatforms) = postSolution
		{06CE69D9-BF8F-4EDB-8959-671A81784110}.Debug|Any CPU.ActiveCfg = Debug|Any CPU
		{06CE69D9-BF8F-4EDB-8959-671A81784110}.Debug|Any CPU.Build.0 = Debug|Any CPU
		{06CE69D9-BF8F-4EDB-8959-671A81784110}.Release|Any CPU.ActiveCfg = Release|Any CPU
		{06CE69D9-BF8F-4EDB-8959-671A81784110}.Release|Any CPU.Build.0 = Release|Any CPU
		{0CD53EF5-25CE-478E-B666-7A5B9E4CC10C}.Debug|Any CPU.ActiveCfg = Debug|Any CPU
		{0CD53EF5-25CE-478E-B666-7A5B9E4CC10C}.Debug|Any CPU.Build.0 = Debug|Any CPU
		{0CD53EF5-25CE-478E-B666-7A5B9E4CC10C}.Release|Any CPU.ActiveCfg = Release|Any CPU
		{0CD53EF5-25CE-478E-B666-7A5B9E4CC10C}.Release|Any CPU.Build.0 = Release|Any CPU
		{C85909DC-1100-42BB-BB60-DFBCC7B024AA}.Debug|Any CPU.ActiveCfg = Debug|Any CPU
		{C85909DC-1100-42BB-BB60-DFBCC7B024AA}.Debug|Any CPU.Build.0 = Debug|Any CPU
		{C85909DC-1100-42BB-BB60-DFBCC7B024AA}.Release|Any CPU.ActiveCfg = Release|Any CPU
		{C85909DC-1100-42BB-BB60-DFBCC7B024AA}.Release|Any CPU.Build.0 = Release|Any CPU
		{A28981A2-1564-49B6-BC24-D235AACD0343}.Debug|Any CPU.ActiveCfg = Debug|Any CPU
		{A28981A2-1564-49B6-BC24-D235AACD0343}.Debug|Any CPU.Build.0 = Debug|Any CPU
		{A28981A2-1564-49B6-BC24-D235AACD0343}.Release|Any CPU.ActiveCfg = Release|Any CPU
		{A28981A2-1564-49B6-BC24-D235AACD0343}.Release|Any CPU.Build.0 = Release|Any CPU
		{24EEA3DA-FF9D-4F46-9C94-73EC1EDF31A6}.Debug|Any CPU.ActiveCfg = Debug|Any CPU
		{24EEA3DA-FF9D-4F46-9C94-73EC1EDF31A6}.Debug|Any CPU.Build.0 = Debug|Any CPU
		{24EEA3DA-FF9D-4F46-9C94-73EC1EDF31A6}.Release|Any CPU.ActiveCfg = Release|Any CPU
		{24EEA3DA-FF9D-4F46-9C94-73EC1EDF31A6}.Release|Any CPU.Build.0 = Release|Any CPU
		{B2B4AE09-C7E4-43F6-958A-8C9B2F62B41B}.Debug|Any CPU.ActiveCfg = Debug|Any CPU
		{B2B4AE09-C7E4-43F6-958A-8C9B2F62B41B}.Debug|Any CPU.Build.0 = Debug|Any CPU
		{B2B4AE09-C7E4-43F6-958A-8C9B2F62B41B}.Release|Any CPU.ActiveCfg = Release|Any CPU
		{B2B4AE09-C7E4-43F6-958A-8C9B2F62B41B}.Release|Any CPU.Build.0 = Release|Any CPU
		{4B578D9A-3223-4305-A07F-B49FE50332B7}.Debug|Any CPU.ActiveCfg = Debug|Any CPU
		{4B578D9A-3223-4305-A07F-B49FE50332B7}.Debug|Any CPU.Build.0 = Debug|Any CPU
		{4B578D9A-3223-4305-A07F-B49FE50332B7}.Release|Any CPU.ActiveCfg = Release|Any CPU
		{4B578D9A-3223-4305-A07F-B49FE50332B7}.Release|Any CPU.Build.0 = Release|Any CPU
		{31EE9FE2-0071-40EE-871E-7CB176071DAB}.Debug|Any CPU.ActiveCfg = Debug|Any CPU
		{31EE9FE2-0071-40EE-871E-7CB176071DAB}.Debug|Any CPU.Build.0 = Debug|Any CPU
		{31EE9FE2-0071-40EE-871E-7CB176071DAB}.Release|Any CPU.ActiveCfg = Release|Any CPU
		{31EE9FE2-0071-40EE-871E-7CB176071DAB}.Release|Any CPU.Build.0 = Release|Any CPU
		{39FE1F64-F3CF-4437-BB18-B9D427F078EC}.Debug|Any CPU.ActiveCfg = Debug|Any CPU
		{39FE1F64-F3CF-4437-BB18-B9D427F078EC}.Debug|Any CPU.Build.0 = Debug|Any CPU
		{39FE1F64-F3CF-4437-BB18-B9D427F078EC}.Release|Any CPU.ActiveCfg = Release|Any CPU
		{39FE1F64-F3CF-4437-BB18-B9D427F078EC}.Release|Any CPU.Build.0 = Release|Any CPU
		{772938ED-A107-47EE-9C59-3E1585CC2559}.Debug|Any CPU.ActiveCfg = Debug|Any CPU
		{772938ED-A107-47EE-9C59-3E1585CC2559}.Debug|Any CPU.Build.0 = Debug|Any CPU
		{772938ED-A107-47EE-9C59-3E1585CC2559}.Release|Any CPU.ActiveCfg = Release|Any CPU
		{772938ED-A107-47EE-9C59-3E1585CC2559}.Release|Any CPU.Build.0 = Release|Any CPU
		{5EEF1FC9-0186-440B-AFDA-E09CEB3685F3}.Debug|Any CPU.ActiveCfg = Debug|Any CPU
		{5EEF1FC9-0186-440B-AFDA-E09CEB3685F3}.Debug|Any CPU.Build.0 = Debug|Any CPU
		{5EEF1FC9-0186-440B-AFDA-E09CEB3685F3}.Release|Any CPU.ActiveCfg = Release|Any CPU
		{5EEF1FC9-0186-440B-AFDA-E09CEB3685F3}.Release|Any CPU.Build.0 = Release|Any CPU
		{151DC113-C6C5-4641-9F81-C2A7C7AB6263}.Debug|Any CPU.ActiveCfg = Debug|Any CPU
		{151DC113-C6C5-4641-9F81-C2A7C7AB6263}.Debug|Any CPU.Build.0 = Debug|Any CPU
		{151DC113-C6C5-4641-9F81-C2A7C7AB6263}.Release|Any CPU.ActiveCfg = Release|Any CPU
		{151DC113-C6C5-4641-9F81-C2A7C7AB6263}.Release|Any CPU.Build.0 = Release|Any CPU
		{076558AE-B38F-430C-AE76-92F53CD15A34}.Debug|Any CPU.ActiveCfg = Debug|Any CPU
		{076558AE-B38F-430C-AE76-92F53CD15A34}.Debug|Any CPU.Build.0 = Debug|Any CPU
		{076558AE-B38F-430C-AE76-92F53CD15A34}.Release|Any CPU.ActiveCfg = Release|Any CPU
		{076558AE-B38F-430C-AE76-92F53CD15A34}.Release|Any CPU.Build.0 = Release|Any CPU
		{95186390-09E5-4D24-821C-197E8AF7C8FD}.Debug|Any CPU.ActiveCfg = Debug|Any CPU
		{95186390-09E5-4D24-821C-197E8AF7C8FD}.Debug|Any CPU.Build.0 = Debug|Any CPU
		{95186390-09E5-4D24-821C-197E8AF7C8FD}.Release|Any CPU.ActiveCfg = Release|Any CPU
		{95186390-09E5-4D24-821C-197E8AF7C8FD}.Release|Any CPU.Build.0 = Release|Any CPU
		{B02DF717-FEA6-4BFA-BBE1-1164CBBE1ABB}.Debug|Any CPU.ActiveCfg = Debug|Any CPU
		{B02DF717-FEA6-4BFA-BBE1-1164CBBE1ABB}.Debug|Any CPU.Build.0 = Debug|Any CPU
		{B02DF717-FEA6-4BFA-BBE1-1164CBBE1ABB}.Release|Any CPU.ActiveCfg = Release|Any CPU
		{B02DF717-FEA6-4BFA-BBE1-1164CBBE1ABB}.Release|Any CPU.Build.0 = Release|Any CPU
		{DA62608F-400B-4EDE-89D1-CD7E52C22331}.Debug|Any CPU.ActiveCfg = Debug|Any CPU
		{DA62608F-400B-4EDE-89D1-CD7E52C22331}.Debug|Any CPU.Build.0 = Debug|Any CPU
		{DA62608F-400B-4EDE-89D1-CD7E52C22331}.Release|Any CPU.ActiveCfg = Release|Any CPU
		{DA62608F-400B-4EDE-89D1-CD7E52C22331}.Release|Any CPU.Build.0 = Release|Any CPU
		{2B360757-6539-44EE-B563-F265CCFBDBBD}.Debug|Any CPU.ActiveCfg = Debug|Any CPU
		{2B360757-6539-44EE-B563-F265CCFBDBBD}.Debug|Any CPU.Build.0 = Debug|Any CPU
		{2B360757-6539-44EE-B563-F265CCFBDBBD}.Release|Any CPU.ActiveCfg = Release|Any CPU
		{2B360757-6539-44EE-B563-F265CCFBDBBD}.Release|Any CPU.Build.0 = Release|Any CPU
		{5E2F4596-09D3-4154-8659-5C213FD5B9CC}.Debug|Any CPU.ActiveCfg = Debug|Any CPU
		{5E2F4596-09D3-4154-8659-5C213FD5B9CC}.Debug|Any CPU.Build.0 = Debug|Any CPU
		{5E2F4596-09D3-4154-8659-5C213FD5B9CC}.Release|Any CPU.ActiveCfg = Release|Any CPU
		{5E2F4596-09D3-4154-8659-5C213FD5B9CC}.Release|Any CPU.Build.0 = Release|Any CPU
		{6D0077B4-26C5-4BE3-9F5B-98885E085A02}.Debug|Any CPU.ActiveCfg = Debug|Any CPU
		{6D0077B4-26C5-4BE3-9F5B-98885E085A02}.Debug|Any CPU.Build.0 = Debug|Any CPU
		{6D0077B4-26C5-4BE3-9F5B-98885E085A02}.Release|Any CPU.ActiveCfg = Release|Any CPU
		{6D0077B4-26C5-4BE3-9F5B-98885E085A02}.Release|Any CPU.Build.0 = Release|Any CPU
		{AB09BF42-0C9A-4685-9C19-62217853885A}.Debug|Any CPU.ActiveCfg = Debug|Any CPU
		{AB09BF42-0C9A-4685-9C19-62217853885A}.Debug|Any CPU.Build.0 = Debug|Any CPU
		{AB09BF42-0C9A-4685-9C19-62217853885A}.Release|Any CPU.ActiveCfg = Release|Any CPU
		{AB09BF42-0C9A-4685-9C19-62217853885A}.Release|Any CPU.Build.0 = Release|Any CPU
		{EAE2DEA1-6405-4755-AE94-09823AC9FD9A}.Debug|Any CPU.ActiveCfg = Debug|Any CPU
		{EAE2DEA1-6405-4755-AE94-09823AC9FD9A}.Debug|Any CPU.Build.0 = Debug|Any CPU
		{EAE2DEA1-6405-4755-AE94-09823AC9FD9A}.Release|Any CPU.ActiveCfg = Release|Any CPU
		{EAE2DEA1-6405-4755-AE94-09823AC9FD9A}.Release|Any CPU.Build.0 = Release|Any CPU
		{9084F391-FCED-4C6E-B0C5-59C4B8DBF8F3}.Debug|Any CPU.ActiveCfg = Debug|Any CPU
		{9084F391-FCED-4C6E-B0C5-59C4B8DBF8F3}.Debug|Any CPU.Build.0 = Debug|Any CPU
		{9084F391-FCED-4C6E-B0C5-59C4B8DBF8F3}.Release|Any CPU.ActiveCfg = Release|Any CPU
		{9084F391-FCED-4C6E-B0C5-59C4B8DBF8F3}.Release|Any CPU.Build.0 = Release|Any CPU
	EndGlobalSection
	GlobalSection(SolutionProperties) = preSolution
		HideSolutionNode = FALSE
	EndGlobalSection
	GlobalSection(ExtensibilityGlobals) = postSolution
		SolutionGuid = {3CF54741-2B3A-49AB-9A7C-500DCD7891F6}
	EndGlobalSection
EndGlobal
