
Microsoft Visual Studio Solution File, Format Version 12.00
# Visual Studio 15
VisualStudioVersion = 15.0.27130.2024
MinimumVisualStudioVersion = 10.0.40219.1
Project("{9A19103F-16F7-4668-BE54-9A1E7A4F7556}") = "Handyman.Extensions", "src\Handyman.Extensions\Handyman.Extensions.csproj", "{D84F2948-95E8-4832-B022-24B73ACBA33C}"
EndProject
Project("{FAE04EC0-301F-11D3-BF4B-00C04F79EFBC}") = "Handyman.Wpf", "src\Handyman.Wpf\Handyman.Wpf.csproj", "{5EEF1FC9-0186-440B-AFDA-E09CEB3685F3}"
	ProjectSection(ProjectDependencies) = postProject
		{D84F2948-95E8-4832-B022-24B73ACBA33C} = {D84F2948-95E8-4832-B022-24B73ACBA33C}
	EndProjectSection
EndProject
Project("{9A19103F-16F7-4668-BE54-9A1E7A4F7556}") = "Handyman.Mediator", "src\Handyman.Mediator\Handyman.Mediator.csproj", "{CF961E0B-8F2E-46B0-B275-43783C3F1FC1}"
EndProject
Project("{9A19103F-16F7-4668-BE54-9A1E7A4F7556}") = "Handyman.Dynamics", "src\Handyman.Dynamics\src\Handyman.Dynamics\Handyman.Dynamics.csproj", "{07622CC7-10A0-4BD8-9296-A08BFE6B45C2}"
EndProject
Project("{2150E333-8FDC-42A3-9474-1A3956D46DE8}") = "Solution Items", "Solution Items", "{773C41E8-1426-4BDE-AEEB-9EFDE432A231}"
	ProjectSection(SolutionItems) = preProject
		.editorconfig = .editorconfig
		handyman.snk = handyman.snk
	EndProjectSection
EndProject
Project("{9A19103F-16F7-4668-BE54-9A1E7A4F7556}") = "Handyman.Dynamics.Tests", "src\Handyman.Dynamics\test\Handyman.Dynamics.Tests\Handyman.Dynamics.Tests.csproj", "{20B29A73-3DA9-470D-9DB2-3FDA5D155507}"
EndProject
Project("{9A19103F-16F7-4668-BE54-9A1E7A4F7556}") = "Handyman.Extensions.Tests", "test\Handyman.Extensions.Tests\Handyman.Extensions.Tests.csproj", "{24BECB9E-C4FA-425F-83B6-D8064560B4B1}"
EndProject
Project("{9A19103F-16F7-4668-BE54-9A1E7A4F7556}") = "Handyman.Mediator.Tests", "test\Handyman.Mediator.Tests\Handyman.Mediator.Tests.csproj", "{79949073-915C-4074-B6EB-1B07A2292629}"
EndProject
Project("{FAE04EC0-301F-11D3-BF4B-00C04F79EFBC}") = "Handyman.Wpf.Tests", "test\Handyman.Wpf.Tests\Handyman.Wpf.Tests.csproj", "{151DC113-C6C5-4641-9F81-C2A7C7AB6263}"
EndProject
Project("{9A19103F-16F7-4668-BE54-9A1E7A4F7556}") = "Handyman.DataContractValidator", "src\Handyman.DataContractValidator\src\Handyman.DataContractValidator\Handyman.DataContractValidator.csproj", "{6D106ED1-7B2B-4F65-B926-4BBFAF88A93B}"
EndProject
Project("{9A19103F-16F7-4668-BE54-9A1E7A4F7556}") = "Handyman.DataContractValidator.Tests", "src\Handyman.DataContractValidator\test\Handyman.DataContractValidator.Tests\Handyman.DataContractValidator.Tests.csproj", "{C64F75E2-03A9-47AE-A9E6-8F905BDC3E72}"
EndProject
Global
	GlobalSection(SolutionConfigurationPlatforms) = preSolution
		Debug|Any CPU = Debug|Any CPU
		Release|Any CPU = Release|Any CPU
	EndGlobalSection
	GlobalSection(ProjectConfigurationPlatforms) = postSolution
		{D84F2948-95E8-4832-B022-24B73ACBA33C}.Debug|Any CPU.ActiveCfg = Debug|Any CPU
		{D84F2948-95E8-4832-B022-24B73ACBA33C}.Debug|Any CPU.Build.0 = Debug|Any CPU
		{D84F2948-95E8-4832-B022-24B73ACBA33C}.Release|Any CPU.ActiveCfg = Release|Any CPU
		{D84F2948-95E8-4832-B022-24B73ACBA33C}.Release|Any CPU.Build.0 = Release|Any CPU
		{5EEF1FC9-0186-440B-AFDA-E09CEB3685F3}.Debug|Any CPU.ActiveCfg = Debug|Any CPU
		{5EEF1FC9-0186-440B-AFDA-E09CEB3685F3}.Debug|Any CPU.Build.0 = Debug|Any CPU
		{5EEF1FC9-0186-440B-AFDA-E09CEB3685F3}.Release|Any CPU.ActiveCfg = Release|Any CPU
		{5EEF1FC9-0186-440B-AFDA-E09CEB3685F3}.Release|Any CPU.Build.0 = Release|Any CPU
		{CF961E0B-8F2E-46B0-B275-43783C3F1FC1}.Debug|Any CPU.ActiveCfg = Debug|Any CPU
		{CF961E0B-8F2E-46B0-B275-43783C3F1FC1}.Debug|Any CPU.Build.0 = Debug|Any CPU
		{CF961E0B-8F2E-46B0-B275-43783C3F1FC1}.Release|Any CPU.ActiveCfg = Release|Any CPU
		{CF961E0B-8F2E-46B0-B275-43783C3F1FC1}.Release|Any CPU.Build.0 = Release|Any CPU
		{07622CC7-10A0-4BD8-9296-A08BFE6B45C2}.Debug|Any CPU.ActiveCfg = Debug|Any CPU
		{07622CC7-10A0-4BD8-9296-A08BFE6B45C2}.Debug|Any CPU.Build.0 = Debug|Any CPU
		{07622CC7-10A0-4BD8-9296-A08BFE6B45C2}.Release|Any CPU.ActiveCfg = Release|Any CPU
		{07622CC7-10A0-4BD8-9296-A08BFE6B45C2}.Release|Any CPU.Build.0 = Release|Any CPU
		{20B29A73-3DA9-470D-9DB2-3FDA5D155507}.Debug|Any CPU.ActiveCfg = Debug|Any CPU
		{20B29A73-3DA9-470D-9DB2-3FDA5D155507}.Debug|Any CPU.Build.0 = Debug|Any CPU
		{20B29A73-3DA9-470D-9DB2-3FDA5D155507}.Release|Any CPU.ActiveCfg = Release|Any CPU
		{20B29A73-3DA9-470D-9DB2-3FDA5D155507}.Release|Any CPU.Build.0 = Release|Any CPU
		{24BECB9E-C4FA-425F-83B6-D8064560B4B1}.Debug|Any CPU.ActiveCfg = Debug|Any CPU
		{24BECB9E-C4FA-425F-83B6-D8064560B4B1}.Debug|Any CPU.Build.0 = Debug|Any CPU
		{24BECB9E-C4FA-425F-83B6-D8064560B4B1}.Release|Any CPU.ActiveCfg = Release|Any CPU
		{24BECB9E-C4FA-425F-83B6-D8064560B4B1}.Release|Any CPU.Build.0 = Release|Any CPU
		{79949073-915C-4074-B6EB-1B07A2292629}.Debug|Any CPU.ActiveCfg = Debug|Any CPU
		{79949073-915C-4074-B6EB-1B07A2292629}.Debug|Any CPU.Build.0 = Debug|Any CPU
		{79949073-915C-4074-B6EB-1B07A2292629}.Release|Any CPU.ActiveCfg = Release|Any CPU
		{79949073-915C-4074-B6EB-1B07A2292629}.Release|Any CPU.Build.0 = Release|Any CPU
		{151DC113-C6C5-4641-9F81-C2A7C7AB6263}.Debug|Any CPU.ActiveCfg = Debug|Any CPU
		{151DC113-C6C5-4641-9F81-C2A7C7AB6263}.Debug|Any CPU.Build.0 = Debug|Any CPU
		{151DC113-C6C5-4641-9F81-C2A7C7AB6263}.Release|Any CPU.ActiveCfg = Release|Any CPU
		{151DC113-C6C5-4641-9F81-C2A7C7AB6263}.Release|Any CPU.Build.0 = Release|Any CPU
		{6D106ED1-7B2B-4F65-B926-4BBFAF88A93B}.Debug|Any CPU.ActiveCfg = Debug|Any CPU
		{6D106ED1-7B2B-4F65-B926-4BBFAF88A93B}.Debug|Any CPU.Build.0 = Debug|Any CPU
		{6D106ED1-7B2B-4F65-B926-4BBFAF88A93B}.Release|Any CPU.ActiveCfg = Release|Any CPU
		{6D106ED1-7B2B-4F65-B926-4BBFAF88A93B}.Release|Any CPU.Build.0 = Release|Any CPU
		{C64F75E2-03A9-47AE-A9E6-8F905BDC3E72}.Debug|Any CPU.ActiveCfg = Debug|Any CPU
		{C64F75E2-03A9-47AE-A9E6-8F905BDC3E72}.Debug|Any CPU.Build.0 = Debug|Any CPU
		{C64F75E2-03A9-47AE-A9E6-8F905BDC3E72}.Release|Any CPU.ActiveCfg = Release|Any CPU
		{C64F75E2-03A9-47AE-A9E6-8F905BDC3E72}.Release|Any CPU.Build.0 = Release|Any CPU
	EndGlobalSection
	GlobalSection(SolutionProperties) = preSolution
		HideSolutionNode = FALSE
	EndGlobalSection
	GlobalSection(ExtensibilityGlobals) = postSolution
		SolutionGuid = {3CF54741-2B3A-49AB-9A7C-500DCD7891F6}
	EndGlobalSection
EndGlobal
