
Microsoft Visual Studio Solution File, Format Version 12.00
# Visual Studio Version 16
VisualStudioVersion = 16.0.30413.136
MinimumVisualStudioVersion = 10.0.40219.1
Project("{9A19103F-16F7-4668-BE54-9A1E7A4F7556}") = "Handyman.Extensions", "src\Handyman.Extensions\src\Handyman.Extensions.csproj", "{28EB1B64-23B1-47CA-A963-C39010FB4B58}"
EndProject
Project("{9A19103F-16F7-4668-BE54-9A1E7A4F7556}") = "Handyman.Extensions.Tests", "src\Handyman.Extensions\tests\Handyman.Extensions.Tests.csproj", "{716F7B10-FD9C-47CC-AFDB-87E6CBCE6B2D}"
EndProject
Global
	GlobalSection(SolutionConfigurationPlatforms) = preSolution
		Debug|Any CPU = Debug|Any CPU
		Release|Any CPU = Release|Any CPU
	EndGlobalSection
	GlobalSection(ProjectConfigurationPlatforms) = postSolution
		{28EB1B64-23B1-47CA-A963-C39010FB4B58}.Debug|Any CPU.ActiveCfg = Debug|Any CPU
		{28EB1B64-23B1-47CA-A963-C39010FB4B58}.Debug|Any CPU.Build.0 = Debug|Any CPU
		{28EB1B64-23B1-47CA-A963-C39010FB4B58}.Release|Any CPU.ActiveCfg = Release|Any CPU
		{28EB1B64-23B1-47CA-A963-C39010FB4B58}.Release|Any CPU.Build.0 = Release|Any CPU
		{716F7B10-FD9C-47CC-AFDB-87E6CBCE6B2D}.Debug|Any CPU.ActiveCfg = Debug|Any CPU
		{716F7B10-FD9C-47CC-AFDB-87E6CBCE6B2D}.Debug|Any CPU.Build.0 = Debug|Any CPU
		{716F7B10-FD9C-47CC-AFDB-87E6CBCE6B2D}.Release|Any CPU.ActiveCfg = Release|Any CPU
		{716F7B10-FD9C-47CC-AFDB-87E6CBCE6B2D}.Release|Any CPU.Build.0 = Release|Any CPU
	EndGlobalSection
	GlobalSection(SolutionProperties) = preSolution
		HideSolutionNode = FALSE
	EndGlobalSection
	GlobalSection(ExtensibilityGlobals) = postSolution
		SolutionGuid = {90EBDE88-97F4-4264-8AEB-B369BD070B22}
	EndGlobalSection
EndGlobal
