
Microsoft Visual Studio Solution File, Format Version 12.00
# Visual Studio Version 16
VisualStudioVersion = 16.0.29020.237
MinimumVisualStudioVersion = 10.0.40219.1
Project("{9A19103F-16F7-4668-BE54-9A1E7A4F7556}") = "ExperimentRequestHandler", "ExperimentRequestHandler\ExperimentRequestHandler.csproj", "{1D3AC129-51AC-4E48-87E4-9A49848A0DD0}"
EndProject
Project("{9A19103F-16F7-4668-BE54-9A1E7A4F7556}") = "WhenAnyRequestHandler", "WhenAnyRequestHandler\WhenAnyRequestHandler.csproj", "{892D9740-2061-4C0F-B8E5-3648D2B3842D}"
EndProject
Global
	GlobalSection(SolutionConfigurationPlatforms) = preSolution
		Debug|Any CPU = Debug|Any CPU
		Release|Any CPU = Release|Any CPU
	EndGlobalSection
	GlobalSection(ProjectConfigurationPlatforms) = postSolution
		{1D3AC129-51AC-4E48-87E4-9A49848A0DD0}.Debug|Any CPU.ActiveCfg = Debug|Any CPU
		{1D3AC129-51AC-4E48-87E4-9A49848A0DD0}.Debug|Any CPU.Build.0 = Debug|Any CPU
		{1D3AC129-51AC-4E48-87E4-9A49848A0DD0}.Release|Any CPU.ActiveCfg = Release|Any CPU
		{1D3AC129-51AC-4E48-87E4-9A49848A0DD0}.Release|Any CPU.Build.0 = Release|Any CPU
		{892D9740-2061-4C0F-B8E5-3648D2B3842D}.Debug|Any CPU.ActiveCfg = Debug|Any CPU
		{892D9740-2061-4C0F-B8E5-3648D2B3842D}.Debug|Any CPU.Build.0 = Debug|Any CPU
		{892D9740-2061-4C0F-B8E5-3648D2B3842D}.Release|Any CPU.ActiveCfg = Release|Any CPU
		{892D9740-2061-4C0F-B8E5-3648D2B3842D}.Release|Any CPU.Build.0 = Release|Any CPU
	EndGlobalSection
	GlobalSection(SolutionProperties) = preSolution
		HideSolutionNode = FALSE
	EndGlobalSection
	GlobalSection(ExtensibilityGlobals) = postSolution
		SolutionGuid = {0A473A1C-C46C-41E7-AB14-870578DFCCF8}
	EndGlobalSection
EndGlobal
