
Microsoft Visual Studio Solution File, Format Version 12.00
# Visual Studio Version 17
VisualStudioVersion = 17.6.33712.159
MinimumVisualStudioVersion = 10.0.40219.1
Project("{FAE04EC0-301F-11D3-BF4B-00C04F79EFBC}") = "MediatorSamples", "MediatorSamples\MediatorSamples.csproj", "{729804B7-BF41-44B2-987E-A5FF73AC562B}"
EndProject
Global
	GlobalSection(SolutionConfigurationPlatforms) = preSolution
		Debug|Any CPU = Debug|Any CPU
		Release|Any CPU = Release|Any CPU
	EndGlobalSection
	GlobalSection(ProjectConfigurationPlatforms) = postSolution
		{729804B7-BF41-44B2-987E-A5FF73AC562B}.Debug|Any CPU.ActiveCfg = Debug|Any CPU
		{729804B7-BF41-44B2-987E-A5FF73AC562B}.Debug|Any CPU.Build.0 = Debug|Any CPU
		{729804B7-BF41-44B2-987E-A5FF73AC562B}.Release|Any CPU.ActiveCfg = Release|Any CPU
		{729804B7-BF41-44B2-987E-A5FF73AC562B}.Release|Any CPU.Build.0 = Release|Any CPU
	EndGlobalSection
	GlobalSection(SolutionProperties) = preSolution
		HideSolutionNode = FALSE
	EndGlobalSection
	GlobalSection(ExtensibilityGlobals) = postSolution
		SolutionGuid = {6FAD9E06-0B6B-4180-B89A-B9B4A791D8F8}
	EndGlobalSection
EndGlobal
